
Microsoft Visual Studio Solution File, Format Version 10.00
# Visual Studio 2008
Project("{8BC9CEB8-8B4A-11D0-8D11-00A0C91BC942}") = "MobileRemoteDRV", "L2CapDev\L2CapDev.vcproj", "{113251FA-2623-463F-8B5F-E3B0703503C7}"
EndProject
Project("{8BC9CEB8-8B4A-11D0-8D11-00A0C91BC942}") = "MobileRemoteAPI", "L2CapApi\L2CapApi.vcproj", "{EAFACB6A-551D-49FD-973E-C14CA1C505B5}"
EndProject
Project("{FAE04EC0-301F-11D3-BF4B-00C04F79EFBC}") = "MobileRemote", "MobileRemoteGUI\MobileRemote.csproj", "{45626E6A-861B-4CA7-AD35-E9C660E01668}"
	ProjectSection(ProjectDependencies) = postProject
		{EAFACB6A-551D-49FD-973E-C14CA1C505B5} = {EAFACB6A-551D-49FD-973E-C14CA1C505B5}
		{113251FA-2623-463F-8B5F-E3B0703503C7} = {113251FA-2623-463F-8B5F-E3B0703503C7}
	EndProjectSection
EndProject
Project("{FAE04EC0-301F-11D3-BF4B-00C04F79EFBC}") = "MobileRemote.Resources.VGA", "MobileRemote.Resources.VGA\MobileRemote.Resources.VGA.csproj", "{A46673B6-C43A-46C6-A466-FCC2C386DA77}"
EndProject
Project("{FAE04EC0-301F-11D3-BF4B-00C04F79EFBC}") = "MobileRemote.Resources.QVGA", "MobileRemote.Resources.QVGA\MobileRemote.Resources.QVGA.csproj", "{0CA097AF-1847-4E2F-9DCC-2EE0A5BB0274}"
EndProject
Project("{8BC9CEB8-8B4A-11D0-8D11-00A0C91BC942}") = "MobileRemoteSetup", "MobileRemoteSetup\MobileRemoteSetup.vcproj", "{9BA97A80-5BFE-429D-B519-A1C4755B7161}"
EndProject
Project("{FAE04EC0-301F-11D3-BF4B-00C04F79EFBC}") = "TEst", "TEst\TEst.csproj", "{803FA16A-43A1-4183-93F5-E1153D79A3DF}"
EndProject
Project("{B900F1C2-3D47-4FEC-85B3-04AAF18C3634}") = "MobileRemoteCab", "MobileRemoteCab\MobileRemoteCab.vddproj", "{9F42629D-7946-4395-8BFA-53BB2A8D1BD8}"
EndProject
Project("{FAE04EC0-301F-11D3-BF4B-00C04F79EFBC}") = "KeyChecker", "KeyChecker\KeyChecker.csproj", "{1332CF64-5B22-44A2-BB06-8B7DD682CF1C}"
EndProject
Global
	GlobalSection(SolutionConfigurationPlatforms) = preSolution
		Debug|Any CPU = Debug|Any CPU
		Debug|Mixed Platforms = Debug|Mixed Platforms
		Debug|Windows Mobile 6 Professional SDK (ARMV4I) = Debug|Windows Mobile 6 Professional SDK (ARMV4I)
		Debug|Windows Mobile 6 Standard SDK (ARMV4I) = Debug|Windows Mobile 6 Standard SDK (ARMV4I)
		Demo|Any CPU = Demo|Any CPU
		Demo|Mixed Platforms = Demo|Mixed Platforms
		Demo|Windows Mobile 6 Professional SDK (ARMV4I) = Demo|Windows Mobile 6 Professional SDK (ARMV4I)
		Demo|Windows Mobile 6 Standard SDK (ARMV4I) = Demo|Windows Mobile 6 Standard SDK (ARMV4I)
		Marketplace|Any CPU = Marketplace|Any CPU
		Marketplace|Mixed Platforms = Marketplace|Mixed Platforms
		Marketplace|Windows Mobile 6 Professional SDK (ARMV4I) = Marketplace|Windows Mobile 6 Professional SDK (ARMV4I)
		Marketplace|Windows Mobile 6 Standard SDK (ARMV4I) = Marketplace|Windows Mobile 6 Standard SDK (ARMV4I)
		Release|Any CPU = Release|Any CPU
		Release|Mixed Platforms = Release|Mixed Platforms
		Release|Windows Mobile 6 Professional SDK (ARMV4I) = Release|Windows Mobile 6 Professional SDK (ARMV4I)
		Release|Windows Mobile 6 Standard SDK (ARMV4I) = Release|Windows Mobile 6 Standard SDK (ARMV4I)
	EndGlobalSection
	GlobalSection(ProjectConfigurationPlatforms) = postSolution
		{113251FA-2623-463F-8B5F-E3B0703503C7}.Debug|Any CPU.ActiveCfg = Debug|Windows Mobile 6 Professional SDK (ARMV4I)
		{113251FA-2623-463F-8B5F-E3B0703503C7}.Debug|Mixed Platforms.ActiveCfg = Debug|Windows Mobile 6 Professional SDK (ARMV4I)
		{113251FA-2623-463F-8B5F-E3B0703503C7}.Debug|Mixed Platforms.Build.0 = Debug|Windows Mobile 6 Professional SDK (ARMV4I)
		{113251FA-2623-463F-8B5F-E3B0703503C7}.Debug|Mixed Platforms.Deploy.0 = Debug|Windows Mobile 6 Professional SDK (ARMV4I)
		{113251FA-2623-463F-8B5F-E3B0703503C7}.Debug|Windows Mobile 6 Professional SDK (ARMV4I).ActiveCfg = Debug|Windows Mobile 6 Professional SDK (ARMV4I)
		{113251FA-2623-463F-8B5F-E3B0703503C7}.Debug|Windows Mobile 6 Professional SDK (ARMV4I).Build.0 = Debug|Windows Mobile 6 Professional SDK (ARMV4I)
		{113251FA-2623-463F-8B5F-E3B0703503C7}.Debug|Windows Mobile 6 Professional SDK (ARMV4I).Deploy.0 = Debug|Windows Mobile 6 Professional SDK (ARMV4I)
		{113251FA-2623-463F-8B5F-E3B0703503C7}.Debug|Windows Mobile 6 Standard SDK (ARMV4I).ActiveCfg = Debug|Windows Mobile 6 Professional SDK (ARMV4I)
		{113251FA-2623-463F-8B5F-E3B0703503C7}.Demo|Any CPU.ActiveCfg = Debug|Windows Mobile 6 Standard SDK (ARMV4I)
		{113251FA-2623-463F-8B5F-E3B0703503C7}.Demo|Mixed Platforms.ActiveCfg = Debug|Windows Mobile 6 Standard SDK (ARMV4I)
		{113251FA-2623-463F-8B5F-E3B0703503C7}.Demo|Mixed Platforms.Build.0 = Debug|Windows Mobile 6 Standard SDK (ARMV4I)
		{113251FA-2623-463F-8B5F-E3B0703503C7}.Demo|Mixed Platforms.Deploy.0 = Debug|Windows Mobile 6 Standard SDK (ARMV4I)
		{113251FA-2623-463F-8B5F-E3B0703503C7}.Demo|Windows Mobile 6 Professional SDK (ARMV4I).ActiveCfg = Debug|Windows Mobile 6 Standard SDK (ARMV4I)
		{113251FA-2623-463F-8B5F-E3B0703503C7}.Demo|Windows Mobile 6 Standard SDK (ARMV4I).ActiveCfg = Debug|Windows Mobile 6 Standard SDK (ARMV4I)
		{113251FA-2623-463F-8B5F-E3B0703503C7}.Demo|Windows Mobile 6 Standard SDK (ARMV4I).Build.0 = Debug|Windows Mobile 6 Standard SDK (ARMV4I)
		{113251FA-2623-463F-8B5F-E3B0703503C7}.Demo|Windows Mobile 6 Standard SDK (ARMV4I).Deploy.0 = Debug|Windows Mobile 6 Standard SDK (ARMV4I)
		{113251FA-2623-463F-8B5F-E3B0703503C7}.Marketplace|Any CPU.ActiveCfg = Marketplace|Windows Mobile 6 Standard SDK (ARMV4I)
		{113251FA-2623-463F-8B5F-E3B0703503C7}.Marketplace|Mixed Platforms.ActiveCfg = Marketplace|Windows Mobile 6 Standard SDK (ARMV4I)
		{113251FA-2623-463F-8B5F-E3B0703503C7}.Marketplace|Mixed Platforms.Build.0 = Marketplace|Windows Mobile 6 Standard SDK (ARMV4I)
		{113251FA-2623-463F-8B5F-E3B0703503C7}.Marketplace|Mixed Platforms.Deploy.0 = Marketplace|Windows Mobile 6 Standard SDK (ARMV4I)
		{113251FA-2623-463F-8B5F-E3B0703503C7}.Marketplace|Windows Mobile 6 Professional SDK (ARMV4I).ActiveCfg = Marketplace|Windows Mobile 6 Professional SDK (ARMV4I)
		{113251FA-2623-463F-8B5F-E3B0703503C7}.Marketplace|Windows Mobile 6 Professional SDK (ARMV4I).Build.0 = Marketplace|Windows Mobile 6 Professional SDK (ARMV4I)
		{113251FA-2623-463F-8B5F-E3B0703503C7}.Marketplace|Windows Mobile 6 Professional SDK (ARMV4I).Deploy.0 = Marketplace|Windows Mobile 6 Professional SDK (ARMV4I)
		{113251FA-2623-463F-8B5F-E3B0703503C7}.Marketplace|Windows Mobile 6 Standard SDK (ARMV4I).ActiveCfg = Marketplace|Windows Mobile 6 Standard SDK (ARMV4I)
		{113251FA-2623-463F-8B5F-E3B0703503C7}.Marketplace|Windows Mobile 6 Standard SDK (ARMV4I).Build.0 = Marketplace|Windows Mobile 6 Standard SDK (ARMV4I)
		{113251FA-2623-463F-8B5F-E3B0703503C7}.Marketplace|Windows Mobile 6 Standard SDK (ARMV4I).Deploy.0 = Marketplace|Windows Mobile 6 Standard SDK (ARMV4I)
		{113251FA-2623-463F-8B5F-E3B0703503C7}.Release|Any CPU.ActiveCfg = Release|Windows Mobile 6 Professional SDK (ARMV4I)
		{113251FA-2623-463F-8B5F-E3B0703503C7}.Release|Mixed Platforms.ActiveCfg = Release|Windows Mobile 6 Professional SDK (ARMV4I)
		{113251FA-2623-463F-8B5F-E3B0703503C7}.Release|Mixed Platforms.Build.0 = Release|Windows Mobile 6 Professional SDK (ARMV4I)
		{113251FA-2623-463F-8B5F-E3B0703503C7}.Release|Mixed Platforms.Deploy.0 = Release|Windows Mobile 6 Professional SDK (ARMV4I)
		{113251FA-2623-463F-8B5F-E3B0703503C7}.Release|Windows Mobile 6 Professional SDK (ARMV4I).ActiveCfg = Release|Windows Mobile 6 Professional SDK (ARMV4I)
		{113251FA-2623-463F-8B5F-E3B0703503C7}.Release|Windows Mobile 6 Professional SDK (ARMV4I).Build.0 = Release|Windows Mobile 6 Professional SDK (ARMV4I)
		{113251FA-2623-463F-8B5F-E3B0703503C7}.Release|Windows Mobile 6 Professional SDK (ARMV4I).Deploy.0 = Release|Windows Mobile 6 Professional SDK (ARMV4I)
		{113251FA-2623-463F-8B5F-E3B0703503C7}.Release|Windows Mobile 6 Standard SDK (ARMV4I).ActiveCfg = Release|Windows Mobile 6 Professional SDK (ARMV4I)
		{EAFACB6A-551D-49FD-973E-C14CA1C505B5}.Debug|Any CPU.ActiveCfg = Debug|Windows Mobile 6 Professional SDK (ARMV4I)
		{EAFACB6A-551D-49FD-973E-C14CA1C505B5}.Debug|Mixed Platforms.ActiveCfg = Debug|Windows Mobile 6 Professional SDK (ARMV4I)
		{EAFACB6A-551D-49FD-973E-C14CA1C505B5}.Debug|Mixed Platforms.Build.0 = Debug|Windows Mobile 6 Professional SDK (ARMV4I)
		{EAFACB6A-551D-49FD-973E-C14CA1C505B5}.Debug|Mixed Platforms.Deploy.0 = Debug|Windows Mobile 6 Professional SDK (ARMV4I)
		{EAFACB6A-551D-49FD-973E-C14CA1C505B5}.Debug|Windows Mobile 6 Professional SDK (ARMV4I).ActiveCfg = Debug|Windows Mobile 6 Professional SDK (ARMV4I)
		{EAFACB6A-551D-49FD-973E-C14CA1C505B5}.Debug|Windows Mobile 6 Professional SDK (ARMV4I).Build.0 = Debug|Windows Mobile 6 Professional SDK (ARMV4I)
		{EAFACB6A-551D-49FD-973E-C14CA1C505B5}.Debug|Windows Mobile 6 Professional SDK (ARMV4I).Deploy.0 = Debug|Windows Mobile 6 Professional SDK (ARMV4I)
		{EAFACB6A-551D-49FD-973E-C14CA1C505B5}.Debug|Windows Mobile 6 Standard SDK (ARMV4I).ActiveCfg = Debug|Windows Mobile 6 Professional SDK (ARMV4I)
		{EAFACB6A-551D-49FD-973E-C14CA1C505B5}.Debug|Windows Mobile 6 Standard SDK (ARMV4I).Build.0 = Debug|Windows Mobile 6 Professional SDK (ARMV4I)
		{EAFACB6A-551D-49FD-973E-C14CA1C505B5}.Debug|Windows Mobile 6 Standard SDK (ARMV4I).Deploy.0 = Debug|Windows Mobile 6 Professional SDK (ARMV4I)
		{EAFACB6A-551D-49FD-973E-C14CA1C505B5}.Demo|Any CPU.ActiveCfg = Debug|Windows Mobile 6 Standard SDK (ARMV4I)
		{EAFACB6A-551D-49FD-973E-C14CA1C505B5}.Demo|Mixed Platforms.ActiveCfg = Debug|Windows Mobile 6 Standard SDK (ARMV4I)
		{EAFACB6A-551D-49FD-973E-C14CA1C505B5}.Demo|Mixed Platforms.Build.0 = Debug|Windows Mobile 6 Standard SDK (ARMV4I)
		{EAFACB6A-551D-49FD-973E-C14CA1C505B5}.Demo|Mixed Platforms.Deploy.0 = Debug|Windows Mobile 6 Standard SDK (ARMV4I)
		{EAFACB6A-551D-49FD-973E-C14CA1C505B5}.Demo|Windows Mobile 6 Professional SDK (ARMV4I).ActiveCfg = Debug|Windows Mobile 6 Standard SDK (ARMV4I)
		{EAFACB6A-551D-49FD-973E-C14CA1C505B5}.Demo|Windows Mobile 6 Standard SDK (ARMV4I).ActiveCfg = Debug|Windows Mobile 6 Standard SDK (ARMV4I)
		{EAFACB6A-551D-49FD-973E-C14CA1C505B5}.Demo|Windows Mobile 6 Standard SDK (ARMV4I).Build.0 = Debug|Windows Mobile 6 Standard SDK (ARMV4I)
		{EAFACB6A-551D-49FD-973E-C14CA1C505B5}.Demo|Windows Mobile 6 Standard SDK (ARMV4I).Deploy.0 = Debug|Windows Mobile 6 Standard SDK (ARMV4I)
		{EAFACB6A-551D-49FD-973E-C14CA1C505B5}.Marketplace|Any CPU.ActiveCfg = Marketplace|Windows Mobile 6 Standard SDK (ARMV4I)
		{EAFACB6A-551D-49FD-973E-C14CA1C505B5}.Marketplace|Mixed Platforms.ActiveCfg = Marketplace|Windows Mobile 6 Standard SDK (ARMV4I)
		{EAFACB6A-551D-49FD-973E-C14CA1C505B5}.Marketplace|Mixed Platforms.Build.0 = Marketplace|Windows Mobile 6 Standard SDK (ARMV4I)
		{EAFACB6A-551D-49FD-973E-C14CA1C505B5}.Marketplace|Mixed Platforms.Deploy.0 = Marketplace|Windows Mobile 6 Standard SDK (ARMV4I)
		{EAFACB6A-551D-49FD-973E-C14CA1C505B5}.Marketplace|Windows Mobile 6 Professional SDK (ARMV4I).ActiveCfg = Marketplace|Windows Mobile 6 Professional SDK (ARMV4I)
		{EAFACB6A-551D-49FD-973E-C14CA1C505B5}.Marketplace|Windows Mobile 6 Professional SDK (ARMV4I).Build.0 = Marketplace|Windows Mobile 6 Professional SDK (ARMV4I)
		{EAFACB6A-551D-49FD-973E-C14CA1C505B5}.Marketplace|Windows Mobile 6 Professional SDK (ARMV4I).Deploy.0 = Marketplace|Windows Mobile 6 Professional SDK (ARMV4I)
		{EAFACB6A-551D-49FD-973E-C14CA1C505B5}.Marketplace|Windows Mobile 6 Standard SDK (ARMV4I).ActiveCfg = Marketplace|Windows Mobile 6 Standard SDK (ARMV4I)
		{EAFACB6A-551D-49FD-973E-C14CA1C505B5}.Marketplace|Windows Mobile 6 Standard SDK (ARMV4I).Build.0 = Marketplace|Windows Mobile 6 Standard SDK (ARMV4I)
		{EAFACB6A-551D-49FD-973E-C14CA1C505B5}.Marketplace|Windows Mobile 6 Standard SDK (ARMV4I).Deploy.0 = Marketplace|Windows Mobile 6 Standard SDK (ARMV4I)
		{EAFACB6A-551D-49FD-973E-C14CA1C505B5}.Release|Any CPU.ActiveCfg = Release|Windows Mobile 6 Professional SDK (ARMV4I)
		{EAFACB6A-551D-49FD-973E-C14CA1C505B5}.Release|Mixed Platforms.ActiveCfg = Release|Windows Mobile 6 Professional SDK (ARMV4I)
		{EAFACB6A-551D-49FD-973E-C14CA1C505B5}.Release|Mixed Platforms.Build.0 = Release|Windows Mobile 6 Professional SDK (ARMV4I)
		{EAFACB6A-551D-49FD-973E-C14CA1C505B5}.Release|Mixed Platforms.Deploy.0 = Release|Windows Mobile 6 Professional SDK (ARMV4I)
		{EAFACB6A-551D-49FD-973E-C14CA1C505B5}.Release|Windows Mobile 6 Professional SDK (ARMV4I).ActiveCfg = Release|Windows Mobile 6 Professional SDK (ARMV4I)
		{EAFACB6A-551D-49FD-973E-C14CA1C505B5}.Release|Windows Mobile 6 Professional SDK (ARMV4I).Build.0 = Release|Windows Mobile 6 Professional SDK (ARMV4I)
		{EAFACB6A-551D-49FD-973E-C14CA1C505B5}.Release|Windows Mobile 6 Professional SDK (ARMV4I).Deploy.0 = Release|Windows Mobile 6 Professional SDK (ARMV4I)
		{EAFACB6A-551D-49FD-973E-C14CA1C505B5}.Release|Windows Mobile 6 Standard SDK (ARMV4I).ActiveCfg = Release|Windows Mobile 6 Professional SDK (ARMV4I)
		{45626E6A-861B-4CA7-AD35-E9C660E01668}.Debug|Any CPU.ActiveCfg = Debug|Any CPU
		{45626E6A-861B-4CA7-AD35-E9C660E01668}.Debug|Any CPU.Build.0 = Debug|Any CPU
		{45626E6A-861B-4CA7-AD35-E9C660E01668}.Debug|Any CPU.Deploy.0 = Debug|Any CPU
		{45626E6A-861B-4CA7-AD35-E9C660E01668}.Debug|Mixed Platforms.ActiveCfg = Debug|Any CPU
		{45626E6A-861B-4CA7-AD35-E9C660E01668}.Debug|Mixed Platforms.Build.0 = Debug|Any CPU
		{45626E6A-861B-4CA7-AD35-E9C660E01668}.Debug|Mixed Platforms.Deploy.0 = Debug|Any CPU
		{45626E6A-861B-4CA7-AD35-E9C660E01668}.Debug|Windows Mobile 6 Professional SDK (ARMV4I).ActiveCfg = Debug|Any CPU
		{45626E6A-861B-4CA7-AD35-E9C660E01668}.Debug|Windows Mobile 6 Standard SDK (ARMV4I).ActiveCfg = Debug|Any CPU
		{45626E6A-861B-4CA7-AD35-E9C660E01668}.Demo|Any CPU.ActiveCfg = Debug|Any CPU
		{45626E6A-861B-4CA7-AD35-E9C660E01668}.Demo|Any CPU.Build.0 = Debug|Any CPU
		{45626E6A-861B-4CA7-AD35-E9C660E01668}.Demo|Any CPU.Deploy.0 = Debug|Any CPU
		{45626E6A-861B-4CA7-AD35-E9C660E01668}.Demo|Mixed Platforms.ActiveCfg = Debug|Any CPU
		{45626E6A-861B-4CA7-AD35-E9C660E01668}.Demo|Mixed Platforms.Build.0 = Debug|Any CPU
		{45626E6A-861B-4CA7-AD35-E9C660E01668}.Demo|Mixed Platforms.Deploy.0 = Debug|Any CPU
		{45626E6A-861B-4CA7-AD35-E9C660E01668}.Demo|Windows Mobile 6 Professional SDK (ARMV4I).ActiveCfg = Debug|Any CPU
		{45626E6A-861B-4CA7-AD35-E9C660E01668}.Demo|Windows Mobile 6 Standard SDK (ARMV4I).ActiveCfg = Debug|Any CPU
		{45626E6A-861B-4CA7-AD35-E9C660E01668}.Marketplace|Any CPU.ActiveCfg = Marketplace|Any CPU
		{45626E6A-861B-4CA7-AD35-E9C660E01668}.Marketplace|Any CPU.Deploy.0 = Marketplace|Any CPU
		{45626E6A-861B-4CA7-AD35-E9C660E01668}.Marketplace|Mixed Platforms.ActiveCfg = Marketplace|Any CPU
		{45626E6A-861B-4CA7-AD35-E9C660E01668}.Marketplace|Mixed Platforms.Build.0 = Marketplace|Any CPU
		{45626E6A-861B-4CA7-AD35-E9C660E01668}.Marketplace|Mixed Platforms.Deploy.0 = Marketplace|Any CPU
		{45626E6A-861B-4CA7-AD35-E9C660E01668}.Marketplace|Windows Mobile 6 Professional SDK (ARMV4I).ActiveCfg = Marketplace|Any CPU
		{45626E6A-861B-4CA7-AD35-E9C660E01668}.Marketplace|Windows Mobile 6 Standard SDK (ARMV4I).ActiveCfg = Marketplace|Any CPU
		{45626E6A-861B-4CA7-AD35-E9C660E01668}.Release|Any CPU.ActiveCfg = Release|Any CPU
		{45626E6A-861B-4CA7-AD35-E9C660E01668}.Release|Any CPU.Build.0 = Release|Any CPU
		{45626E6A-861B-4CA7-AD35-E9C660E01668}.Release|Any CPU.Deploy.0 = Release|Any CPU
		{45626E6A-861B-4CA7-AD35-E9C660E01668}.Release|Mixed Platforms.ActiveCfg = Release|Any CPU
		{45626E6A-861B-4CA7-AD35-E9C660E01668}.Release|Mixed Platforms.Build.0 = Release|Any CPU
		{45626E6A-861B-4CA7-AD35-E9C660E01668}.Release|Mixed Platforms.Deploy.0 = Release|Any CPU
		{45626E6A-861B-4CA7-AD35-E9C660E01668}.Release|Windows Mobile 6 Professional SDK (ARMV4I).ActiveCfg = Release|Any CPU
		{45626E6A-861B-4CA7-AD35-E9C660E01668}.Release|Windows Mobile 6 Standard SDK (ARMV4I).ActiveCfg = Release|Any CPU
		{45626E6A-861B-4CA7-AD35-E9C660E01668}.Release|Windows Mobile 6 Standard SDK (ARMV4I).Build.0 = Release|Any CPU
		{45626E6A-861B-4CA7-AD35-E9C660E01668}.Release|Windows Mobile 6 Standard SDK (ARMV4I).Deploy.0 = Release|Any CPU
		{A46673B6-C43A-46C6-A466-FCC2C386DA77}.Debug|Any CPU.ActiveCfg = Debug|Any CPU
		{A46673B6-C43A-46C6-A466-FCC2C386DA77}.Debug|Any CPU.Build.0 = Debug|Any CPU
		{A46673B6-C43A-46C6-A466-FCC2C386DA77}.Debug|Mixed Platforms.ActiveCfg = Debug|Any CPU
		{A46673B6-C43A-46C6-A466-FCC2C386DA77}.Debug|Mixed Platforms.Build.0 = Debug|Any CPU
		{A46673B6-C43A-46C6-A466-FCC2C386DA77}.Debug|Windows Mobile 6 Professional SDK (ARMV4I).ActiveCfg = Debug|Any CPU
		{A46673B6-C43A-46C6-A466-FCC2C386DA77}.Debug|Windows Mobile 6 Standard SDK (ARMV4I).ActiveCfg = Debug|Any CPU
		{A46673B6-C43A-46C6-A466-FCC2C386DA77}.Demo|Any CPU.ActiveCfg = Debug|Any CPU
		{A46673B6-C43A-46C6-A466-FCC2C386DA77}.Demo|Any CPU.Build.0 = Debug|Any CPU
		{A46673B6-C43A-46C6-A466-FCC2C386DA77}.Demo|Mixed Platforms.ActiveCfg = Debug|Any CPU
		{A46673B6-C43A-46C6-A466-FCC2C386DA77}.Demo|Mixed Platforms.Build.0 = Debug|Any CPU
		{A46673B6-C43A-46C6-A466-FCC2C386DA77}.Demo|Windows Mobile 6 Professional SDK (ARMV4I).ActiveCfg = Debug|Any CPU
		{A46673B6-C43A-46C6-A466-FCC2C386DA77}.Demo|Windows Mobile 6 Standard SDK (ARMV4I).ActiveCfg = Debug|Any CPU
		{A46673B6-C43A-46C6-A466-FCC2C386DA77}.Marketplace|Any CPU.ActiveCfg = Marketplace|Any CPU
		{A46673B6-C43A-46C6-A466-FCC2C386DA77}.Marketplace|Mixed Platforms.ActiveCfg = Marketplace|Any CPU
		{A46673B6-C43A-46C6-A466-FCC2C386DA77}.Marketplace|Mixed Platforms.Build.0 = Marketplace|Any CPU
		{A46673B6-C43A-46C6-A466-FCC2C386DA77}.Marketplace|Windows Mobile 6 Professional SDK (ARMV4I).ActiveCfg = Marketplace|Any CPU
		{A46673B6-C43A-46C6-A466-FCC2C386DA77}.Marketplace|Windows Mobile 6 Standard SDK (ARMV4I).ActiveCfg = Marketplace|Any CPU
		{A46673B6-C43A-46C6-A466-FCC2C386DA77}.Release|Any CPU.ActiveCfg = Release|Any CPU
		{A46673B6-C43A-46C6-A466-FCC2C386DA77}.Release|Any CPU.Build.0 = Release|Any CPU
		{A46673B6-C43A-46C6-A466-FCC2C386DA77}.Release|Mixed Platforms.ActiveCfg = Release|Any CPU
		{A46673B6-C43A-46C6-A466-FCC2C386DA77}.Release|Mixed Platforms.Build.0 = Release|Any CPU
		{A46673B6-C43A-46C6-A466-FCC2C386DA77}.Release|Windows Mobile 6 Professional SDK (ARMV4I).ActiveCfg = Release|Any CPU
		{A46673B6-C43A-46C6-A466-FCC2C386DA77}.Release|Windows Mobile 6 Standard SDK (ARMV4I).ActiveCfg = Release|Any CPU
		{A46673B6-C43A-46C6-A466-FCC2C386DA77}.Release|Windows Mobile 6 Standard SDK (ARMV4I).Build.0 = Release|Any CPU
		{A46673B6-C43A-46C6-A466-FCC2C386DA77}.Release|Windows Mobile 6 Standard SDK (ARMV4I).Deploy.0 = Release|Any CPU
		{0CA097AF-1847-4E2F-9DCC-2EE0A5BB0274}.Debug|Any CPU.ActiveCfg = Debug|Any CPU
		{0CA097AF-1847-4E2F-9DCC-2EE0A5BB0274}.Debug|Any CPU.Build.0 = Debug|Any CPU
		{0CA097AF-1847-4E2F-9DCC-2EE0A5BB0274}.Debug|Any CPU.Deploy.0 = Debug|Any CPU
		{0CA097AF-1847-4E2F-9DCC-2EE0A5BB0274}.Debug|Mixed Platforms.ActiveCfg = Debug|Any CPU
		{0CA097AF-1847-4E2F-9DCC-2EE0A5BB0274}.Debug|Mixed Platforms.Build.0 = Debug|Any CPU
		{0CA097AF-1847-4E2F-9DCC-2EE0A5BB0274}.Debug|Mixed Platforms.Deploy.0 = Debug|Any CPU
		{0CA097AF-1847-4E2F-9DCC-2EE0A5BB0274}.Debug|Windows Mobile 6 Professional SDK (ARMV4I).ActiveCfg = Debug|Any CPU
		{0CA097AF-1847-4E2F-9DCC-2EE0A5BB0274}.Debug|Windows Mobile 6 Standard SDK (ARMV4I).ActiveCfg = Debug|Any CPU
		{0CA097AF-1847-4E2F-9DCC-2EE0A5BB0274}.Demo|Any CPU.ActiveCfg = Debug|Any CPU
		{0CA097AF-1847-4E2F-9DCC-2EE0A5BB0274}.Demo|Any CPU.Build.0 = Debug|Any CPU
		{0CA097AF-1847-4E2F-9DCC-2EE0A5BB0274}.Demo|Mixed Platforms.ActiveCfg = Debug|Any CPU
		{0CA097AF-1847-4E2F-9DCC-2EE0A5BB0274}.Demo|Mixed Platforms.Build.0 = Debug|Any CPU
		{0CA097AF-1847-4E2F-9DCC-2EE0A5BB0274}.Demo|Windows Mobile 6 Professional SDK (ARMV4I).ActiveCfg = Debug|Any CPU
		{0CA097AF-1847-4E2F-9DCC-2EE0A5BB0274}.Demo|Windows Mobile 6 Standard SDK (ARMV4I).ActiveCfg = Debug|Any CPU
		{0CA097AF-1847-4E2F-9DCC-2EE0A5BB0274}.Marketplace|Any CPU.ActiveCfg = Marketplace|Any CPU
		{0CA097AF-1847-4E2F-9DCC-2EE0A5BB0274}.Marketplace|Mixed Platforms.ActiveCfg = Marketplace|Any CPU
		{0CA097AF-1847-4E2F-9DCC-2EE0A5BB0274}.Marketplace|Mixed Platforms.Build.0 = Marketplace|Any CPU
		{0CA097AF-1847-4E2F-9DCC-2EE0A5BB0274}.Marketplace|Windows Mobile 6 Professional SDK (ARMV4I).ActiveCfg = Marketplace|Any CPU
		{0CA097AF-1847-4E2F-9DCC-2EE0A5BB0274}.Marketplace|Windows Mobile 6 Standard SDK (ARMV4I).ActiveCfg = Marketplace|Any CPU
		{0CA097AF-1847-4E2F-9DCC-2EE0A5BB0274}.Release|Any CPU.ActiveCfg = Release|Any CPU
		{0CA097AF-1847-4E2F-9DCC-2EE0A5BB0274}.Release|Any CPU.Build.0 = Release|Any CPU
		{0CA097AF-1847-4E2F-9DCC-2EE0A5BB0274}.Release|Any CPU.Deploy.0 = Release|Any CPU
		{0CA097AF-1847-4E2F-9DCC-2EE0A5BB0274}.Release|Mixed Platforms.ActiveCfg = Release|Any CPU
		{0CA097AF-1847-4E2F-9DCC-2EE0A5BB0274}.Release|Mixed Platforms.Build.0 = Release|Any CPU
		{0CA097AF-1847-4E2F-9DCC-2EE0A5BB0274}.Release|Mixed Platforms.Deploy.0 = Release|Any CPU
		{0CA097AF-1847-4E2F-9DCC-2EE0A5BB0274}.Release|Windows Mobile 6 Professional SDK (ARMV4I).ActiveCfg = Release|Any CPU
		{0CA097AF-1847-4E2F-9DCC-2EE0A5BB0274}.Release|Windows Mobile 6 Standard SDK (ARMV4I).ActiveCfg = Release|Any CPU
		{0CA097AF-1847-4E2F-9DCC-2EE0A5BB0274}.Release|Windows Mobile 6 Standard SDK (ARMV4I).Build.0 = Release|Any CPU
		{0CA097AF-1847-4E2F-9DCC-2EE0A5BB0274}.Release|Windows Mobile 6 Standard SDK (ARMV4I).Deploy.0 = Release|Any CPU
		{9BA97A80-5BFE-429D-B519-A1C4755B7161}.Debug|Any CPU.ActiveCfg = Debug|Windows Mobile 6 Professional SDK (ARMV4I)
		{9BA97A80-5BFE-429D-B519-A1C4755B7161}.Debug|Mixed Platforms.ActiveCfg = Debug|Windows Mobile 6 Professional SDK (ARMV4I)
		{9BA97A80-5BFE-429D-B519-A1C4755B7161}.Debug|Mixed Platforms.Build.0 = Debug|Windows Mobile 6 Professional SDK (ARMV4I)
		{9BA97A80-5BFE-429D-B519-A1C4755B7161}.Debug|Mixed Platforms.Deploy.0 = Debug|Windows Mobile 6 Professional SDK (ARMV4I)
		{9BA97A80-5BFE-429D-B519-A1C4755B7161}.Debug|Windows Mobile 6 Professional SDK (ARMV4I).ActiveCfg = Debug|Windows Mobile 6 Professional SDK (ARMV4I)
		{9BA97A80-5BFE-429D-B519-A1C4755B7161}.Debug|Windows Mobile 6 Professional SDK (ARMV4I).Build.0 = Debug|Windows Mobile 6 Professional SDK (ARMV4I)
		{9BA97A80-5BFE-429D-B519-A1C4755B7161}.Debug|Windows Mobile 6 Professional SDK (ARMV4I).Deploy.0 = Debug|Windows Mobile 6 Professional SDK (ARMV4I)
		{9BA97A80-5BFE-429D-B519-A1C4755B7161}.Debug|Windows Mobile 6 Standard SDK (ARMV4I).ActiveCfg = Debug|Windows Mobile 6 Professional SDK (ARMV4I)
		{9BA97A80-5BFE-429D-B519-A1C4755B7161}.Demo|Any CPU.ActiveCfg = Demo|Windows Mobile 6 Professional SDK (ARMV4I)
		{9BA97A80-5BFE-429D-B519-A1C4755B7161}.Demo|Mixed Platforms.ActiveCfg = Demo|Windows Mobile 6 Professional SDK (ARMV4I)
		{9BA97A80-5BFE-429D-B519-A1C4755B7161}.Demo|Mixed Platforms.Build.0 = Demo|Windows Mobile 6 Professional SDK (ARMV4I)
		{9BA97A80-5BFE-429D-B519-A1C4755B7161}.Demo|Mixed Platforms.Deploy.0 = Demo|Windows Mobile 6 Professional SDK (ARMV4I)
		{9BA97A80-5BFE-429D-B519-A1C4755B7161}.Demo|Windows Mobile 6 Professional SDK (ARMV4I).ActiveCfg = Demo|Windows Mobile 6 Professional SDK (ARMV4I)
		{9BA97A80-5BFE-429D-B519-A1C4755B7161}.Demo|Windows Mobile 6 Professional SDK (ARMV4I).Build.0 = Demo|Windows Mobile 6 Professional SDK (ARMV4I)
		{9BA97A80-5BFE-429D-B519-A1C4755B7161}.Demo|Windows Mobile 6 Professional SDK (ARMV4I).Deploy.0 = Demo|Windows Mobile 6 Professional SDK (ARMV4I)
		{9BA97A80-5BFE-429D-B519-A1C4755B7161}.Demo|Windows Mobile 6 Standard SDK (ARMV4I).ActiveCfg = Demo|Windows Mobile 6 Professional SDK (ARMV4I)
		{9BA97A80-5BFE-429D-B519-A1C4755B7161}.Marketplace|Any CPU.ActiveCfg = Marketplace|Windows Mobile 6 Professional SDK (ARMV4I)
		{9BA97A80-5BFE-429D-B519-A1C4755B7161}.Marketplace|Mixed Platforms.ActiveCfg = Marketplace|Windows Mobile 6 Professional SDK (ARMV4I)
		{9BA97A80-5BFE-429D-B519-A1C4755B7161}.Marketplace|Mixed Platforms.Build.0 = Marketplace|Windows Mobile 6 Professional SDK (ARMV4I)
		{9BA97A80-5BFE-429D-B519-A1C4755B7161}.Marketplace|Mixed Platforms.Deploy.0 = Marketplace|Windows Mobile 6 Professional SDK (ARMV4I)
		{9BA97A80-5BFE-429D-B519-A1C4755B7161}.Marketplace|Windows Mobile 6 Professional SDK (ARMV4I).ActiveCfg = Marketplace|Windows Mobile 6 Professional SDK (ARMV4I)
		{9BA97A80-5BFE-429D-B519-A1C4755B7161}.Marketplace|Windows Mobile 6 Professional SDK (ARMV4I).Build.0 = Marketplace|Windows Mobile 6 Professional SDK (ARMV4I)
		{9BA97A80-5BFE-429D-B519-A1C4755B7161}.Marketplace|Windows Mobile 6 Professional SDK (ARMV4I).Deploy.0 = Marketplace|Windows Mobile 6 Professional SDK (ARMV4I)
		{9BA97A80-5BFE-429D-B519-A1C4755B7161}.Marketplace|Windows Mobile 6 Standard SDK (ARMV4I).ActiveCfg = Marketplace|Windows Mobile 6 Professional SDK (ARMV4I)
		{9BA97A80-5BFE-429D-B519-A1C4755B7161}.Release|Any CPU.ActiveCfg = Release|Windows Mobile 6 Professional SDK (ARMV4I)
		{9BA97A80-5BFE-429D-B519-A1C4755B7161}.Release|Mixed Platforms.ActiveCfg = Release|Windows Mobile 6 Professional SDK (ARMV4I)
		{9BA97A80-5BFE-429D-B519-A1C4755B7161}.Release|Mixed Platforms.Build.0 = Release|Windows Mobile 6 Professional SDK (ARMV4I)
		{9BA97A80-5BFE-429D-B519-A1C4755B7161}.Release|Mixed Platforms.Deploy.0 = Release|Windows Mobile 6 Professional SDK (ARMV4I)
		{9BA97A80-5BFE-429D-B519-A1C4755B7161}.Release|Windows Mobile 6 Professional SDK (ARMV4I).ActiveCfg = Release|Windows Mobile 6 Professional SDK (ARMV4I)
		{9BA97A80-5BFE-429D-B519-A1C4755B7161}.Release|Windows Mobile 6 Professional SDK (ARMV4I).Build.0 = Release|Windows Mobile 6 Professional SDK (ARMV4I)
		{9BA97A80-5BFE-429D-B519-A1C4755B7161}.Release|Windows Mobile 6 Professional SDK (ARMV4I).Deploy.0 = Release|Windows Mobile 6 Professional SDK (ARMV4I)
		{9BA97A80-5BFE-429D-B519-A1C4755B7161}.Release|Windows Mobile 6 Standard SDK (ARMV4I).ActiveCfg = Release|Windows Mobile 6 Professional SDK (ARMV4I)
		{803FA16A-43A1-4183-93F5-E1153D79A3DF}.Debug|Any CPU.ActiveCfg = Debug|Any CPU
		{803FA16A-43A1-4183-93F5-E1153D79A3DF}.Debug|Any CPU.Build.0 = Debug|Any CPU
		{803FA16A-43A1-4183-93F5-E1153D79A3DF}.Debug|Any CPU.Deploy.0 = Debug|Any CPU
		{803FA16A-43A1-4183-93F5-E1153D79A3DF}.Debug|Mixed Platforms.ActiveCfg = Debug|Any CPU
		{803FA16A-43A1-4183-93F5-E1153D79A3DF}.Debug|Mixed Platforms.Build.0 = Debug|Any CPU
		{803FA16A-43A1-4183-93F5-E1153D79A3DF}.Debug|Mixed Platforms.Deploy.0 = Debug|Any CPU
		{803FA16A-43A1-4183-93F5-E1153D79A3DF}.Debug|Windows Mobile 6 Professional SDK (ARMV4I).ActiveCfg = Debug|Any CPU
		{803FA16A-43A1-4183-93F5-E1153D79A3DF}.Debug|Windows Mobile 6 Standard SDK (ARMV4I).ActiveCfg = Debug|Any CPU
		{803FA16A-43A1-4183-93F5-E1153D79A3DF}.Demo|Any CPU.ActiveCfg = Debug|Any CPU
		{803FA16A-43A1-4183-93F5-E1153D79A3DF}.Demo|Any CPU.Build.0 = Debug|Any CPU
		{803FA16A-43A1-4183-93F5-E1153D79A3DF}.Demo|Any CPU.Deploy.0 = Debug|Any CPU
		{803FA16A-43A1-4183-93F5-E1153D79A3DF}.Demo|Mixed Platforms.ActiveCfg = Debug|Any CPU
		{803FA16A-43A1-4183-93F5-E1153D79A3DF}.Demo|Mixed Platforms.Build.0 = Debug|Any CPU
		{803FA16A-43A1-4183-93F5-E1153D79A3DF}.Demo|Mixed Platforms.Deploy.0 = Debug|Any CPU
		{803FA16A-43A1-4183-93F5-E1153D79A3DF}.Demo|Windows Mobile 6 Professional SDK (ARMV4I).ActiveCfg = Debug|Any CPU
		{803FA16A-43A1-4183-93F5-E1153D79A3DF}.Demo|Windows Mobile 6 Standard SDK (ARMV4I).ActiveCfg = Debug|Any CPU
		{803FA16A-43A1-4183-93F5-E1153D79A3DF}.Marketplace|Any CPU.ActiveCfg = Release|Any CPU
		{803FA16A-43A1-4183-93F5-E1153D79A3DF}.Marketplace|Mixed Platforms.ActiveCfg = Release|Any CPU
		{803FA16A-43A1-4183-93F5-E1153D79A3DF}.Marketplace|Windows Mobile 6 Professional SDK (ARMV4I).ActiveCfg = Release|Any CPU
		{803FA16A-43A1-4183-93F5-E1153D79A3DF}.Marketplace|Windows Mobile 6 Standard SDK (ARMV4I).ActiveCfg = Release|Any CPU
		{803FA16A-43A1-4183-93F5-E1153D79A3DF}.Release|Any CPU.ActiveCfg = Release|Any CPU
		{803FA16A-43A1-4183-93F5-E1153D79A3DF}.Release|Any CPU.Build.0 = Release|Any CPU
		{803FA16A-43A1-4183-93F5-E1153D79A3DF}.Release|Any CPU.Deploy.0 = Release|Any CPU
		{803FA16A-43A1-4183-93F5-E1153D79A3DF}.Release|Mixed Platforms.ActiveCfg = Release|Any CPU
		{803FA16A-43A1-4183-93F5-E1153D79A3DF}.Release|Mixed Platforms.Build.0 = Release|Any CPU
		{803FA16A-43A1-4183-93F5-E1153D79A3DF}.Release|Mixed Platforms.Deploy.0 = Release|Any CPU
		{803FA16A-43A1-4183-93F5-E1153D79A3DF}.Release|Windows Mobile 6 Professional SDK (ARMV4I).ActiveCfg = Release|Any CPU
		{803FA16A-43A1-4183-93F5-E1153D79A3DF}.Release|Windows Mobile 6 Standard SDK (ARMV4I).ActiveCfg = Release|Any CPU
		{9F42629D-7946-4395-8BFA-53BB2A8D1BD8}.Debug|Any CPU.ActiveCfg = Debug
		{9F42629D-7946-4395-8BFA-53BB2A8D1BD8}.Debug|Any CPU.Build.0 = Debug
		{9F42629D-7946-4395-8BFA-53BB2A8D1BD8}.Debug|Mixed Platforms.ActiveCfg = Debug
		{9F42629D-7946-4395-8BFA-53BB2A8D1BD8}.Debug|Mixed Platforms.Build.0 = Debug
		{9F42629D-7946-4395-8BFA-53BB2A8D1BD8}.Debug|Windows Mobile 6 Professional SDK (ARMV4I).ActiveCfg = Debug
		{9F42629D-7946-4395-8BFA-53BB2A8D1BD8}.Debug|Windows Mobile 6 Professional SDK (ARMV4I).Build.0 = Debug
		{9F42629D-7946-4395-8BFA-53BB2A8D1BD8}.Debug|Windows Mobile 6 Standard SDK (ARMV4I).ActiveCfg = Debug
		{9F42629D-7946-4395-8BFA-53BB2A8D1BD8}.Debug|Windows Mobile 6 Standard SDK (ARMV4I).Build.0 = Debug
		{9F42629D-7946-4395-8BFA-53BB2A8D1BD8}.Demo|Any CPU.ActiveCfg = Debug
		{9F42629D-7946-4395-8BFA-53BB2A8D1BD8}.Demo|Any CPU.Build.0 = Debug
		{9F42629D-7946-4395-8BFA-53BB2A8D1BD8}.Demo|Mixed Platforms.ActiveCfg = Debug
		{9F42629D-7946-4395-8BFA-53BB2A8D1BD8}.Demo|Mixed Platforms.Build.0 = Debug
		{9F42629D-7946-4395-8BFA-53BB2A8D1BD8}.Demo|Windows Mobile 6 Professional SDK (ARMV4I).ActiveCfg = Debug
		{9F42629D-7946-4395-8BFA-53BB2A8D1BD8}.Demo|Windows Mobile 6 Professional SDK (ARMV4I).Build.0 = Debug
		{9F42629D-7946-4395-8BFA-53BB2A8D1BD8}.Demo|Windows Mobile 6 Standard SDK (ARMV4I).ActiveCfg = Debug
		{9F42629D-7946-4395-8BFA-53BB2A8D1BD8}.Demo|Windows Mobile 6 Standard SDK (ARMV4I).Build.0 = Debug
		{9F42629D-7946-4395-8BFA-53BB2A8D1BD8}.Marketplace|Any CPU.ActiveCfg = Marketplace
		{9F42629D-7946-4395-8BFA-53BB2A8D1BD8}.Marketplace|Any CPU.Build.0 = Marketplace
		{9F42629D-7946-4395-8BFA-53BB2A8D1BD8}.Marketplace|Mixed Platforms.ActiveCfg = Marketplace
		{9F42629D-7946-4395-8BFA-53BB2A8D1BD8}.Marketplace|Mixed Platforms.Build.0 = Marketplace
		{9F42629D-7946-4395-8BFA-53BB2A8D1BD8}.Marketplace|Windows Mobile 6 Professional SDK (ARMV4I).ActiveCfg = Marketplace
		{9F42629D-7946-4395-8BFA-53BB2A8D1BD8}.Marketplace|Windows Mobile 6 Professional SDK (ARMV4I).Build.0 = Marketplace
		{9F42629D-7946-4395-8BFA-53BB2A8D1BD8}.Marketplace|Windows Mobile 6 Standard SDK (ARMV4I).ActiveCfg = Marketplace
		{9F42629D-7946-4395-8BFA-53BB2A8D1BD8}.Marketplace|Windows Mobile 6 Standard SDK (ARMV4I).Build.0 = Marketplace
		{9F42629D-7946-4395-8BFA-53BB2A8D1BD8}.Release|Any CPU.ActiveCfg = Release
		{9F42629D-7946-4395-8BFA-53BB2A8D1BD8}.Release|Any CPU.Build.0 = Release
		{9F42629D-7946-4395-8BFA-53BB2A8D1BD8}.Release|Mixed Platforms.ActiveCfg = Release
		{9F42629D-7946-4395-8BFA-53BB2A8D1BD8}.Release|Mixed Platforms.Build.0 = Release
		{9F42629D-7946-4395-8BFA-53BB2A8D1BD8}.Release|Windows Mobile 6 Professional SDK (ARMV4I).ActiveCfg = Release
		{9F42629D-7946-4395-8BFA-53BB2A8D1BD8}.Release|Windows Mobile 6 Professional SDK (ARMV4I).Build.0 = Release
		{9F42629D-7946-4395-8BFA-53BB2A8D1BD8}.Release|Windows Mobile 6 Standard SDK (ARMV4I).ActiveCfg = Release
		{9F42629D-7946-4395-8BFA-53BB2A8D1BD8}.Release|Windows Mobile 6 Standard SDK (ARMV4I).Build.0 = Release
		{1332CF64-5B22-44A2-BB06-8B7DD682CF1C}.Debug|Any CPU.ActiveCfg = Debug|Any CPU
		{1332CF64-5B22-44A2-BB06-8B7DD682CF1C}.Debug|Any CPU.Build.0 = Debug|Any CPU
		{1332CF64-5B22-44A2-BB06-8B7DD682CF1C}.Debug|Any CPU.Deploy.0 = Debug|Any CPU
		{1332CF64-5B22-44A2-BB06-8B7DD682CF1C}.Debug|Mixed Platforms.ActiveCfg = Debug|Any CPU
		{1332CF64-5B22-44A2-BB06-8B7DD682CF1C}.Debug|Mixed Platforms.Build.0 = Debug|Any CPU
		{1332CF64-5B22-44A2-BB06-8B7DD682CF1C}.Debug|Mixed Platforms.Deploy.0 = Debug|Any CPU
		{1332CF64-5B22-44A2-BB06-8B7DD682CF1C}.Debug|Windows Mobile 6 Professional SDK (ARMV4I).ActiveCfg = Debug|Any CPU
		{1332CF64-5B22-44A2-BB06-8B7DD682CF1C}.Debug|Windows Mobile 6 Standard SDK (ARMV4I).ActiveCfg = Debug|Any CPU
		{1332CF64-5B22-44A2-BB06-8B7DD682CF1C}.Demo|Any CPU.ActiveCfg = Debug|Any CPU
		{1332CF64-5B22-44A2-BB06-8B7DD682CF1C}.Demo|Any CPU.Build.0 = Debug|Any CPU
		{1332CF64-5B22-44A2-BB06-8B7DD682CF1C}.Demo|Any CPU.Deploy.0 = Debug|Any CPU
		{1332CF64-5B22-44A2-BB06-8B7DD682CF1C}.Demo|Mixed Platforms.ActiveCfg = Debug|Any CPU
		{1332CF64-5B22-44A2-BB06-8B7DD682CF1C}.Demo|Mixed Platforms.Build.0 = Debug|Any CPU
		{1332CF64-5B22-44A2-BB06-8B7DD682CF1C}.Demo|Mixed Platforms.Deploy.0 = Debug|Any CPU
		{1332CF64-5B22-44A2-BB06-8B7DD682CF1C}.Demo|Windows Mobile 6 Professional SDK (ARMV4I).ActiveCfg = Debug|Any CPU
		{1332CF64-5B22-44A2-BB06-8B7DD682CF1C}.Demo|Windows Mobile 6 Standard SDK (ARMV4I).ActiveCfg = Debug|Any CPU
		{1332CF64-5B22-44A2-BB06-8B7DD682CF1C}.Marketplace|Any CPU.ActiveCfg = Release|Any CPU
		{1332CF64-5B22-44A2-BB06-8B7DD682CF1C}.Marketplace|Any CPU.Build.0 = Release|Any CPU
		{1332CF64-5B22-44A2-BB06-8B7DD682CF1C}.Marketplace|Any CPU.Deploy.0 = Release|Any CPU
		{1332CF64-5B22-44A2-BB06-8B7DD682CF1C}.Marketplace|Mixed Platforms.ActiveCfg = Release|Any CPU
		{1332CF64-5B22-44A2-BB06-8B7DD682CF1C}.Marketplace|Mixed Platforms.Build.0 = Release|Any CPU
		{1332CF64-5B22-44A2-BB06-8B7DD682CF1C}.Marketplace|Mixed Platforms.Deploy.0 = Release|Any CPU
		{1332CF64-5B22-44A2-BB06-8B7DD682CF1C}.Marketplace|Windows Mobile 6 Professional SDK (ARMV4I).ActiveCfg = Release|Any CPU
		{1332CF64-5B22-44A2-BB06-8B7DD682CF1C}.Marketplace|Windows Mobile 6 Standard SDK (ARMV4I).ActiveCfg = Release|Any CPU
		{1332CF64-5B22-44A2-BB06-8B7DD682CF1C}.Release|Any CPU.ActiveCfg = Release|Any CPU
		{1332CF64-5B22-44A2-BB06-8B7DD682CF1C}.Release|Any CPU.Build.0 = Release|Any CPU
		{1332CF64-5B22-44A2-BB06-8B7DD682CF1C}.Release|Any CPU.Deploy.0 = Release|Any CPU
		{1332CF64-5B22-44A2-BB06-8B7DD682CF1C}.Release|Mixed Platforms.ActiveCfg = Release|Any CPU
		{1332CF64-5B22-44A2-BB06-8B7DD682CF1C}.Release|Mixed Platforms.Build.0 = Release|Any CPU
		{1332CF64-5B22-44A2-BB06-8B7DD682CF1C}.Release|Mixed Platforms.Deploy.0 = Release|Any CPU
		{1332CF64-5B22-44A2-BB06-8B7DD682CF1C}.Release|Windows Mobile 6 Professional SDK (ARMV4I).ActiveCfg = Release|Any CPU
		{1332CF64-5B22-44A2-BB06-8B7DD682CF1C}.Release|Windows Mobile 6 Standard SDK (ARMV4I).ActiveCfg = Release|Any CPU
	EndGlobalSection
	GlobalSection(SolutionProperties) = preSolution
		HideSolutionNode = FALSE
	EndGlobalSection
EndGlobal
